
Microsoft Visual Studio Solution File, Format Version 12.00
# Visual Studio Version 17
VisualStudioVersion = 17.0.31903.59
MinimumVisualStudioVersion = 10.0.40219.1
Project("{FAE04EC0-301F-11D3-BF4B-00C04F79EFBC}") = "API", "API\API.csproj", "{1FAAFEF5-5683-4849-9181-11CA08B0EFC7}"
EndProject
Project("{FAE04EC0-301F-11D3-BF4B-00C04F79EFBC}") = "UnitTest", "UnitTest\UnitTest.csproj", "{311CA204-3A94-4DA4-BE50-A3BC84153F5A}"
EndProject
Global
	GlobalSection(SolutionConfigurationPlatforms) = preSolution
		Debug|Any CPU = Debug|Any CPU
		Release|Any CPU = Release|Any CPU
	EndGlobalSection
	GlobalSection(SolutionProperties) = preSolution
		HideSolutionNode = FALSE
	EndGlobalSection
	GlobalSection(ProjectConfigurationPlatforms) = postSolution
		{1FAAFEF5-5683-4849-9181-11CA08B0EFC7}.Debug|Any CPU.ActiveCfg = Debug|Any CPU
		{1FAAFEF5-5683-4849-9181-11CA08B0EFC7}.Debug|Any CPU.Build.0 = Debug|Any CPU
		{1FAAFEF5-5683-4849-9181-11CA08B0EFC7}.Release|Any CPU.ActiveCfg = Release|Any CPU
		{1FAAFEF5-5683-4849-9181-11CA08B0EFC7}.Release|Any CPU.Build.0 = Release|Any CPU
		{311CA204-3A94-4DA4-BE50-A3BC84153F5A}.Debug|Any CPU.ActiveCfg = Debug|Any CPU
		{311CA204-3A94-4DA4-BE50-A3BC84153F5A}.Debug|Any CPU.Build.0 = Debug|Any CPU
		{311CA204-3A94-4DA4-BE50-A3BC84153F5A}.Release|Any CPU.ActiveCfg = Release|Any CPU
		{311CA204-3A94-4DA4-BE50-A3BC84153F5A}.Release|Any CPU.Build.0 = Release|Any CPU
	EndGlobalSection
EndGlobal
